{
  "nodes": {
    "naersk": {
      "inputs": {
        "nixpkgs": "nixpkgs"
      },
      "locked": {
        "lastModified": 1614785451,
        "narHash": "sha256-TPw8kQvr2UNCuvndtY+EjyXp6Q5GEW2l9UafXXh1XmI=",
        "owner": "nmattia",
        "repo": "naersk",
        "rev": "e0fe990b478a66178a58c69cf53daec0478ca6f9",
        "type": "github"
      },
      "original": {
        "owner": "nmattia",
        "repo": "naersk",
        "type": "github"
      }
    },
    "nixpkgs": {
      "locked": {
        "lastModified": 1615086239,
        "narHash": "sha256-bcCrCssKr+DgrKZ/J/Lyq1B7DogZ8juS+RSXOD+XUak=",
        "owner": "NixOS",
        "repo": "nixpkgs",
        "rev": "e61df8ad51be2d2e7de66ffaa1c0d6a1410f6dc4",
        "type": "github"
      },
      "original": {
        "id": "nixpkgs",
        "type": "indirect"
      }
    },
    "nixpkgs_2": {
      "locked": {
        "lastModified": 1614815769,
        "narHash": "sha256-Rdy37Ioof5FlMlc+YC9PniSIJW/EsdImG+wZPP5VWvo=",
        "owner": "NixOS",
        "repo": "nixpkgs",
        "rev": "d496205cf22c3079461d868ea3198d42ded59287",
        "type": "github"
      },
      "original": {
        "owner": "NixOS",
        "ref": "nixos-unstable",
        "repo": "nixpkgs",
        "type": "github"
      }
    },
    "root": {
      "inputs": {
        "naersk": "naersk",
        "nixpkgs": "nixpkgs_2"
      }
    }
  },
  "root": "root",
  "version": 7
}
